
Microsoft Visual Studio Solution File, Format Version 12.00
# Visual Studio Version 17
VisualStudioVersion = 17.0.32112.339
MinimumVisualStudioVersion = 10.0.40219.1
Project("{9A19103F-16F7-4668-BE54-9A1E7A4F7556}") = "LambdaFunction", "LambdaFunction\LambdaFunction.csproj", "{402489B9-F52E-429B-A860-F74731E59A8D}"
EndProject
Project("{9A19103F-16F7-4668-BE54-9A1E7A4F7556}") = "ExemploFuncaoLambda.Tests", "LambdaFunction.Tests\ExemploFuncaoLambda.Tests.csproj", "{848E9995-B313-4085-95AC-FA9E7E102C82}"
EndProject
Global
	GlobalSection(SolutionConfigurationPlatforms) = preSolution
		Debug|Any CPU = Debug|Any CPU
		Release|Any CPU = Release|Any CPU
	EndGlobalSection
	GlobalSection(ProjectConfigurationPlatforms) = postSolution
		{402489B9-F52E-429B-A860-F74731E59A8D}.Debug|Any CPU.ActiveCfg = Debug|Any CPU
		{402489B9-F52E-429B-A860-F74731E59A8D}.Debug|Any CPU.Build.0 = Debug|Any CPU
		{402489B9-F52E-429B-A860-F74731E59A8D}.Release|Any CPU.ActiveCfg = Release|Any CPU
		{402489B9-F52E-429B-A860-F74731E59A8D}.Release|Any CPU.Build.0 = Release|Any CPU
		{848E9995-B313-4085-95AC-FA9E7E102C82}.Debug|Any CPU.ActiveCfg = Debug|Any CPU
		{848E9995-B313-4085-95AC-FA9E7E102C82}.Debug|Any CPU.Build.0 = Debug|Any CPU
		{848E9995-B313-4085-95AC-FA9E7E102C82}.Release|Any CPU.ActiveCfg = Release|Any CPU
		{848E9995-B313-4085-95AC-FA9E7E102C82}.Release|Any CPU.Build.0 = Release|Any CPU
	EndGlobalSection
	GlobalSection(SolutionProperties) = preSolution
		HideSolutionNode = FALSE
	EndGlobalSection
	GlobalSection(ExtensibilityGlobals) = postSolution
		SolutionGuid = {3F793D21-5A02-4AEC-BE06-1FA3DCC2D033}
	EndGlobalSection
EndGlobal
